
Microsoft Visual Studio Solution File, Format Version 12.00
# Visual Studio Version 17
VisualStudioVersion = 17.13.35825.156
MinimumVisualStudioVersion = 10.0.40219.1
Project("{FAE04EC0-301F-11D3-BF4B-00C04F79EFBC}") = "RestaurantManagement", "RestaurantManagement\RestaurantManagement.csproj", "{DF308873-A1B3-4C10-BEDA-AA79542F6364}"
EndProject
Global
	GlobalSection(SolutionConfigurationPlatforms) = preSolution
		Debug|Any CPU = Debug|Any CPU
		Release|Any CPU = Release|Any CPU
	EndGlobalSection
	GlobalSection(ProjectConfigurationPlatforms) = postSolution
		{DF308873-A1B3-4C10-BEDA-AA79542F6364}.Debug|Any CPU.ActiveCfg = Debug|Any CPU
		{DF308873-A1B3-4C10-BEDA-AA79542F6364}.Debug|Any CPU.Build.0 = Debug|Any CPU
		{DF308873-A1B3-4C10-BEDA-AA79542F6364}.Release|Any CPU.ActiveCfg = Release|Any CPU
		{DF308873-A1B3-4C10-BEDA-AA79542F6364}.Release|Any CPU.Build.0 = Release|Any CPU
	EndGlobalSection
	GlobalSection(SolutionProperties) = preSolution
		HideSolutionNode = FALSE
	EndGlobalSection
	GlobalSection(ExtensibilityGlobals) = postSolution
		SolutionGuid = {94A6275E-037F-4976-A88C-4FCDD0A6776B}
	EndGlobalSection
EndGlobal
